{
  "version": 4,
  "terraform_version": "1.5.2",
  "serial": 1,
  "lineage": "3fac152d-f85c-480e-6595-49cc86d5389e",
  "outputs": {},
  "resources": [
    {
      "mode": "data",
      "type": "aws_eks_cluster_auth",
      "name": "cluster",
      "provider": "provider[\"registry.terraform.io/hashicorp/aws\"]",
      "instances": [
        {
          "schema_version": 0,
          "attributes": {
            "id": "dev-dev-nety-cluster",
            "name": "dev-dev-nety-cluster",
            "token": "k8s-aws-v1.aHR0cHM6Ly9zdHMuYXAtbm9ydGhlYXN0LTIuYW1hem9uYXdzLmNvbS8_QWN0aW9uPUdldENhbGxlcklkZW50aXR5JlZlcnNpb249MjAxMS0wNi0xNSZYLUFtei1BbGdvcml0aG09QVdTNC1ITUFDLVNIQTI1NiZYLUFtei1DcmVkZW50aWFsPUFLSUE1RDNKU1hTT1Y3QlBCWFk1JTJGMjAyMzA3MTAlMkZhcC1ub3J0aGVhc3QtMiUyRnN0cyUyRmF3czRfcmVxdWVzdCZYLUFtei1EYXRlPTIwMjMwNzEwVDA4MjYwN1omWC1BbXotRXhwaXJlcz0wJlgtQW16LVNpZ25lZEhlYWRlcnM9aG9zdCUzQngtazhzLWF3cy1pZCZYLUFtei1TaWduYXR1cmU9NWIzM2UyMzRhYWU3ODJkMzA0YzU2OTc2MzNkYzk0NTRmNDg2ZWI3ZGUyYTA1ZDk1MDExODM3ZDg5ZmI4MTlkOA"
          },
          "sensitive_attributes": []
        }
      ]
    },
    {
      "mode": "data",
      "type": "terraform_remote_state",
      "name": "eks",
      "provider": "provider[\"terraform.io/builtin/terraform\"]",
      "instances": [
        {
          "schema_version": 0,
          "attributes": {
            "backend": "s3",
            "config": {
              "value": {
                "bucket": "nety-terraform-state",
                "key": "dev/nety-cluster/terraform.tfstate",
                "region": "ap-northeast-2"
              },
              "type": [
                "object",
                {
                  "bucket": "string",
                  "key": "string",
                  "region": "string"
                }
              ]
            },
            "defaults": null,
            "outputs": {
              "value": {
                "account_id": "901627690141",
                "aws_iam_openid_connect_provider_arn": "arn:aws:iam::901627690141:oidc-provider/oidc.eks.ap-northeast-2.amazonaws.com/id/5652818B5F732C1A016C4E666CED041B",
                "aws_iam_openid_connect_provider_extract_from_arn": "oidc.eks.ap-northeast-2.amazonaws.com/id/5652818B5F732C1A016C4E666CED041B",
                "azs": [
                  "ap-northeast-2a",
                  "ap-northeast-2b",
                  "ap-northeast-2c",
                  "ap-northeast-2d"
                ],
                "cluster_arn": "arn:aws:eks:ap-northeast-2:901627690141:cluster/dev-dev-nety-cluster",
                "cluster_certificate_authority_data": "LS0tLS1CRUdJTiBDRVJUSUZJQ0FURS0tLS0tCk1JSUMvakNDQWVhZ0F3SUJBZ0lCQURBTkJna3Foa2lHOXcwQkFRc0ZBREFWTVJNd0VRWURWUVFERXdwcmRXSmwKY201bGRHVnpNQjRYRFRJek1EY3hNREExTWpBeU5Gb1hEVE16TURjd056QTFNakF5TkZvd0ZURVRNQkVHQTFVRQpBeE1LYTNWaVpYSnVaWFJsY3pDQ0FTSXdEUVlKS29aSWh2Y05BUUVCQlFBRGdnRVBBRENDQVFvQ2dnRUJBTmFHCjJRK2xPTEtZdTFGNEwzUFBoL1EvcnNnNVNZUnoxSStuc3VBY215d0lKcUNIeDJ6eklYSVlVbElYT1A1R1VhQ3gKbld1Smt4OUhUUWFNZk9JNzBaK2dLOUp5VktpWmx2UDhCSHVpQ3RzeFhVN21MV1hYeXZuS3c3OU5HUFQ2TkpwZwp5Rkc5L28yRzVldTdkYXUvc0dMcC9sL3V1SENYYkFOTzFzbWtMOXFMVkZ4akhsb1ZhK2s4UExQMnZmb3E4b3NwCnJWVnBjZEI2MVBwOE4zZDdscUowWERjRHJSZkF2OVd6aDdkejNFb0JCSEN5Y3VhRngyZVNUTTREMUkwSkhGT0sKQTlMVytsM1FmUnQ3QXBPNmFqdUNDeGhkREZXS2dlYUxxSVZNVDY3SXR6azQxa20rMzJKVnkycnc0NzFyVFlBdQowTi9GZ25WbW5POVNqTkc0emVjQ0F3RUFBYU5aTUZjd0RnWURWUjBQQVFIL0JBUURBZ0trTUE4R0ExVWRFd0VCCi93UUZNQU1CQWY4d0hRWURWUjBPQkJZRUZNajg0WmhmVXg2emU3ZS9BSjg5eVZ6UlQzYU1NQlVHQTFVZEVRUU8KTUF5Q0NtdDFZbVZ5Ym1WMFpYTXdEUVlKS29aSWh2Y05BUUVMQlFBRGdnRUJBTXE1NnZneWNmYnVibEgxK3FnegpyamZza1dVWDYwQ2RRQTh4alprVXUyT2g4a29mV3lmN3c3ZDA4YVZ0ZVZ3bFl1cU1TOG5ibWo5b2JrbFIrT3c4CnlBQ1dNUGlCWFFGdUV2dHByOVk2UzlneURzUytkVUk3MzNzUnVLY0RRbFpJeHJtUTdIRXBBeXFSV1pHYzlBNlMKTlFiaHhUUGdyTTVsc2pTdThaSndqMmFDRmtTZ05qSVZnYWlVbXlSUUthbmJaa2ZMbmZTUEJrdUhkL1JLaklJUApVc0FubU9Qc0d1OHlXNmF3SlA0ck9ETWQ5RU45OXg0dFlVWSsybnV2Ylp0UXhUR0dENlFZdnNpUDlQcEJXa3BOCkhLMFl6N2U1YkxnSk9GVmFQQmZZK1NyYnY0b0tocERGR1cyWVJ0OW1zSCtEcHZWcENteWJsei9jVXBKaktyMGoKRnhjPQotLS0tLUVORCBDRVJUSUZJQ0FURS0tLS0tCg==",
                "cluster_endpoint": "https://5652818B5F732C1A016C4E666CED041B.gr7.ap-northeast-2.eks.amazonaws.com",
                "cluster_iam_role_arn": "arn:aws:iam::901627690141:role/dev-dev-eks-master-role",
                "cluster_iam_role_name": "dev-dev-eks-master-role",
                "cluster_id": "dev-dev-nety-cluster",
                "cluster_oidc_issuer_url": "https://oidc.eks.ap-northeast-2.amazonaws.com/id/5652818B5F732C1A016C4E666CED041B",
                "cluster_primary_security_group_id": "sg-0cc048b2f6448c84a",
                "cluster_version": "1.26",
                "ec2_bastion_public_instance_ids": "i-0a87c494b42443f67",
                "ec2_bastion_public_ip": "13.124.114.43",
                "nat_public_ips": [
                  "13.125.161.186"
                ],
                "node_group_private_arn": "arn:aws:eks:ap-northeast-2:901627690141:nodegroup/dev-dev-nety-cluster/dev-dev-eks-ng-private/b2c49f20-944d-9298-a560-6368abaf5928",
                "node_group_private_id": "dev-dev-nety-cluster:dev-dev-eks-ng-private",
                "node_group_private_status": "ACTIVE",
                "node_group_private_version": "1.26",
                "private_subnets": [
                  "subnet-07b7ac330e4ba86db",
                  "subnet-067a89813defcd21c"
                ],
                "public_subnets": [
                  "subnet-04ce0427e872d4df5",
                  "subnet-03e5e447331d2c8d5"
                ],
                "vpc_cidr_block": "10.0.0.0/16",
                "vpc_id": "vpc-00b8f408ac9b9742c"
              },
              "type": [
                "object",
                {
                  "account_id": "string",
                  "aws_iam_openid_connect_provider_arn": "string",
                  "aws_iam_openid_connect_provider_extract_from_arn": "string",
                  "azs": [
                    "list",
                    "string"
                  ],
                  "cluster_arn": "string",
                  "cluster_certificate_authority_data": "string",
                  "cluster_endpoint": "string",
                  "cluster_iam_role_arn": "string",
                  "cluster_iam_role_name": "string",
                  "cluster_id": "string",
                  "cluster_oidc_issuer_url": "string",
                  "cluster_primary_security_group_id": "string",
                  "cluster_version": "string",
                  "ec2_bastion_public_instance_ids": "string",
                  "ec2_bastion_public_ip": "string",
                  "nat_public_ips": [
                    "list",
                    "string"
                  ],
                  "node_group_private_arn": "string",
                  "node_group_private_id": "string",
                  "node_group_private_status": "string",
                  "node_group_private_version": "string",
                  "private_subnets": [
                    "tuple",
                    [
                      "string",
                      "string"
                    ]
                  ],
                  "public_subnets": [
                    "tuple",
                    [
                      "string",
                      "string"
                    ]
                  ],
                  "vpc_cidr_block": "string",
                  "vpc_id": "string"
                }
              ]
            },
            "workspace": null
          },
          "sensitive_attributes": []
        }
      ]
    },
    {
      "mode": "managed",
      "type": "helm_release",
      "name": "argocd",
      "provider": "provider[\"registry.terraform.io/hashicorp/helm\"]",
      "instances": [
        {
          "schema_version": 1,
          "attributes": {
            "atomic": false,
            "chart": "argo-cd",
            "cleanup_on_fail": false,
            "create_namespace": true,
            "dependency_update": false,
            "description": null,
            "devel": null,
            "disable_crd_hooks": false,
            "disable_openapi_validation": false,
            "disable_webhooks": false,
            "force_update": false,
            "id": "argocd",
            "keyring": null,
            "lint": false,
            "manifest": null,
            "max_history": 0,
            "metadata": [
              {
                "app_version": "v2.2.5",
                "chart": "argo-cd",
                "name": "argocd",
                "namespace": "argocd",
                "revision": 1,
                "values": "{\"global\":{\"image\":{\"tag\":\"v2.6.6\"}},\"server\":{\"extraArgs\":[\"--insecure\"]}}",
                "version": "3.35.4"
              }
            ],
            "name": "argocd",
            "namespace": "argocd",
            "pass_credentials": false,
            "postrender": [],
            "recreate_pods": false,
            "render_subchart_notes": true,
            "replace": false,
            "repository": "https://argoproj.github.io/argo-helm",
            "repository_ca_file": null,
            "repository_cert_file": null,
            "repository_key_file": null,
            "repository_password": null,
            "repository_username": null,
            "reset_values": false,
            "reuse_values": false,
            "set": [],
            "set_list": [],
            "set_sensitive": [],
            "skip_crds": false,
            "status": "deployed",
            "timeout": 300,
            "values": [
              "---\nglobal:\n  image:\n    tag: \"v2.6.6\"\n\nserver:\n  extraArgs:\n    - --insecure"
            ],
            "verify": false,
            "version": "3.35.4",
            "wait": true,
            "wait_for_jobs": false
          },
          "sensitive_attributes": [],
          "private": "eyJzY2hlbWFfdmVyc2lvbiI6IjEifQ==",
          "dependencies": [
            "data.aws_eks_cluster_auth.cluster",
            "data.terraform_remote_state.eks"
          ]
        }
      ]
    }
  ],
  "check_results": null
}
